
Microsoft Visual Studio Solution File, Format Version 12.00
# Visual Studio 15
Project("{FAE04EC0-301F-11D3-BF4B-00C04F79EFBC}") = "Oculus.VR", "Oculus.VR.csproj", "{182C7C76-2327-67FC-03D3-843F587E251C}"
EndProject
Project("{FAE04EC0-301F-11D3-BF4B-00C04F79EFBC}") = "Assembly-CSharp", "Assembly-CSharp.csproj", "{BBC70B2C-38FD-6731-C7D4-9F48752A090E}"
EndProject
Project("{FAE04EC0-301F-11D3-BF4B-00C04F79EFBC}") = "Assembly-CSharp-firstpass", "Assembly-CSharp-firstpass.csproj", "{04D66FC7-3E77-FBE8-2883-1695F9E21BCB}"
EndProject
Project("{FAE04EC0-301F-11D3-BF4B-00C04F79EFBC}") = "Oculus.VR.Editor", "Oculus.VR.Editor.csproj", "{00A13D5F-8AE3-63B4-73CE-2FD6BF6C4717}"
EndProject
Project("{FAE04EC0-301F-11D3-BF4B-00C04F79EFBC}") = "Oculus.VR.Scripts.Editor", "Oculus.VR.Scripts.Editor.csproj", "{61A3AD68-296E-BF39-FE02-CBF8BB8EB470}"
EndProject
Global
	GlobalSection(SolutionConfigurationPlatforms) = preSolution
		Debug|Any CPU = Debug|Any CPU
		Release|Any CPU = Release|Any CPU
	EndGlobalSection
	GlobalSection(ProjectConfigurationPlatforms) = postSolution
		{182C7C76-2327-67FC-03D3-843F587E251C}.Debug|Any CPU.ActiveCfg = Debug|Any CPU
		{182C7C76-2327-67FC-03D3-843F587E251C}.Debug|Any CPU.Build.0 = Debug|Any CPU
		{182C7C76-2327-67FC-03D3-843F587E251C}.Release|Any CPU.ActiveCfg = Release|Any CPU
		{182C7C76-2327-67FC-03D3-843F587E251C}.Release|Any CPU.Build.0 = Release|Any CPU
		{BBC70B2C-38FD-6731-C7D4-9F48752A090E}.Debug|Any CPU.ActiveCfg = Debug|Any CPU
		{BBC70B2C-38FD-6731-C7D4-9F48752A090E}.Debug|Any CPU.Build.0 = Debug|Any CPU
		{BBC70B2C-38FD-6731-C7D4-9F48752A090E}.Release|Any CPU.ActiveCfg = Release|Any CPU
		{BBC70B2C-38FD-6731-C7D4-9F48752A090E}.Release|Any CPU.Build.0 = Release|Any CPU
		{04D66FC7-3E77-FBE8-2883-1695F9E21BCB}.Debug|Any CPU.ActiveCfg = Debug|Any CPU
		{04D66FC7-3E77-FBE8-2883-1695F9E21BCB}.Debug|Any CPU.Build.0 = Debug|Any CPU
		{04D66FC7-3E77-FBE8-2883-1695F9E21BCB}.Release|Any CPU.ActiveCfg = Release|Any CPU
		{04D66FC7-3E77-FBE8-2883-1695F9E21BCB}.Release|Any CPU.Build.0 = Release|Any CPU
		{00A13D5F-8AE3-63B4-73CE-2FD6BF6C4717}.Debug|Any CPU.ActiveCfg = Debug|Any CPU
		{00A13D5F-8AE3-63B4-73CE-2FD6BF6C4717}.Debug|Any CPU.Build.0 = Debug|Any CPU
		{00A13D5F-8AE3-63B4-73CE-2FD6BF6C4717}.Release|Any CPU.ActiveCfg = Release|Any CPU
		{00A13D5F-8AE3-63B4-73CE-2FD6BF6C4717}.Release|Any CPU.Build.0 = Release|Any CPU
		{61A3AD68-296E-BF39-FE02-CBF8BB8EB470}.Debug|Any CPU.ActiveCfg = Debug|Any CPU
		{61A3AD68-296E-BF39-FE02-CBF8BB8EB470}.Debug|Any CPU.Build.0 = Debug|Any CPU
		{61A3AD68-296E-BF39-FE02-CBF8BB8EB470}.Release|Any CPU.ActiveCfg = Release|Any CPU
		{61A3AD68-296E-BF39-FE02-CBF8BB8EB470}.Release|Any CPU.Build.0 = Release|Any CPU
	EndGlobalSection
	GlobalSection(SolutionProperties) = preSolution
		HideSolutionNode = FALSE
	EndGlobalSection
EndGlobal
